
Microsoft Visual Studio Solution File, Format Version 12.00
# Visual Studio Version 17
VisualStudioVersion = 17.9.34622.214
MinimumVisualStudioVersion = 10.0.40219.1
Project("{FAE04EC0-301F-11D3-BF4B-00C04F79EFBC}") = "BSVEFCore", "BSVEFCore.csproj", "{C77CF520-2083-46A7-B7C9-A02DB4AE8F27}"
EndProject
Global
	GlobalSection(SolutionConfigurationPlatforms) = preSolution
		Debug|Any CPU = Debug|Any CPU
		Release|Any CPU = Release|Any CPU
	EndGlobalSection
	GlobalSection(ProjectConfigurationPlatforms) = postSolution
		{C77CF520-2083-46A7-B7C9-A02DB4AE8F27}.Debug|Any CPU.ActiveCfg = Debug|Any CPU
		{C77CF520-2083-46A7-B7C9-A02DB4AE8F27}.Debug|Any CPU.Build.0 = Debug|Any CPU
		{C77CF520-2083-46A7-B7C9-A02DB4AE8F27}.Release|Any CPU.ActiveCfg = Release|Any CPU
		{C77CF520-2083-46A7-B7C9-A02DB4AE8F27}.Release|Any CPU.Build.0 = Release|Any CPU
	EndGlobalSection
	GlobalSection(SolutionProperties) = preSolution
		HideSolutionNode = FALSE
	EndGlobalSection
	GlobalSection(ExtensibilityGlobals) = postSolution
		SolutionGuid = {DE299AB7-9507-44AE-98B7-819A35BC6D6F}
	EndGlobalSection
EndGlobal
